
Microsoft Visual Studio Solution File, Format Version 12.00
# Visual Studio Version 17
VisualStudioVersion = 17.14.36127.28
MinimumVisualStudioVersion = 10.0.40219.1
Project("{FAE04EC0-301F-11D3-BF4B-00C04F79EFBC}") = "ManHang", "ManHang\ManHang.csproj", "{8BC07C1D-97CA-4788-830B-514C7D1BB7F9}"
EndProject
Project("{FAE04EC0-301F-11D3-BF4B-00C04F79EFBC}") = "Calculator", "Calculator\Calculator.csproj", "{8635AEA2-8AF3-4EC3-B395-0639F56E7ED6}"
EndProject
Project("{FAE04EC0-301F-11D3-BF4B-00C04F79EFBC}") = "Translate", "Translate\Translate.csproj", "{FB1635DF-B56C-4205-B815-171D3EE03B1C}"
EndProject
Project("{FAE04EC0-301F-11D3-BF4B-00C04F79EFBC}") = "BookOop", "BookOop\BookOop.csproj", "{438495C6-F93C-4530-A639-EADEBDC3C730}"
EndProject
Project("{FAE04EC0-301F-11D3-BF4B-00C04F79EFBC}") = "NumberGame", "..\NumberGame\NumberGame.csproj", "{FCA89F79-3D5C-4DC9-81B6-5B6D985DC4DA}"
EndProject
Project("{FAE04EC0-301F-11D3-BF4B-00C04F79EFBC}") = "StudentOop", "StudentOop\StudentOop.csproj", "{BF48B5DF-0F8D-40C2-B53F-50FF883D368C}"
EndProject
Global
	GlobalSection(SolutionConfigurationPlatforms) = preSolution
		Debug|Any CPU = Debug|Any CPU
		Release|Any CPU = Release|Any CPU
	EndGlobalSection
	GlobalSection(ProjectConfigurationPlatforms) = postSolution
		{8BC07C1D-97CA-4788-830B-514C7D1BB7F9}.Debug|Any CPU.ActiveCfg = Debug|Any CPU
		{8BC07C1D-97CA-4788-830B-514C7D1BB7F9}.Debug|Any CPU.Build.0 = Debug|Any CPU
		{8BC07C1D-97CA-4788-830B-514C7D1BB7F9}.Release|Any CPU.ActiveCfg = Release|Any CPU
		{8BC07C1D-97CA-4788-830B-514C7D1BB7F9}.Release|Any CPU.Build.0 = Release|Any CPU
		{8635AEA2-8AF3-4EC3-B395-0639F56E7ED6}.Debug|Any CPU.ActiveCfg = Debug|Any CPU
		{8635AEA2-8AF3-4EC3-B395-0639F56E7ED6}.Debug|Any CPU.Build.0 = Debug|Any CPU
		{8635AEA2-8AF3-4EC3-B395-0639F56E7ED6}.Release|Any CPU.ActiveCfg = Release|Any CPU
		{8635AEA2-8AF3-4EC3-B395-0639F56E7ED6}.Release|Any CPU.Build.0 = Release|Any CPU
		{FB1635DF-B56C-4205-B815-171D3EE03B1C}.Debug|Any CPU.ActiveCfg = Debug|Any CPU
		{FB1635DF-B56C-4205-B815-171D3EE03B1C}.Debug|Any CPU.Build.0 = Debug|Any CPU
		{FB1635DF-B56C-4205-B815-171D3EE03B1C}.Release|Any CPU.ActiveCfg = Release|Any CPU
		{FB1635DF-B56C-4205-B815-171D3EE03B1C}.Release|Any CPU.Build.0 = Release|Any CPU
		{438495C6-F93C-4530-A639-EADEBDC3C730}.Debug|Any CPU.ActiveCfg = Debug|Any CPU
		{438495C6-F93C-4530-A639-EADEBDC3C730}.Debug|Any CPU.Build.0 = Debug|Any CPU
		{438495C6-F93C-4530-A639-EADEBDC3C730}.Release|Any CPU.ActiveCfg = Release|Any CPU
		{438495C6-F93C-4530-A639-EADEBDC3C730}.Release|Any CPU.Build.0 = Release|Any CPU
		{FCA89F79-3D5C-4DC9-81B6-5B6D985DC4DA}.Debug|Any CPU.ActiveCfg = Debug|Any CPU
		{FCA89F79-3D5C-4DC9-81B6-5B6D985DC4DA}.Debug|Any CPU.Build.0 = Debug|Any CPU
		{FCA89F79-3D5C-4DC9-81B6-5B6D985DC4DA}.Release|Any CPU.ActiveCfg = Release|Any CPU
		{FCA89F79-3D5C-4DC9-81B6-5B6D985DC4DA}.Release|Any CPU.Build.0 = Release|Any CPU
		{BF48B5DF-0F8D-40C2-B53F-50FF883D368C}.Debug|Any CPU.ActiveCfg = Debug|Any CPU
		{BF48B5DF-0F8D-40C2-B53F-50FF883D368C}.Debug|Any CPU.Build.0 = Debug|Any CPU
		{BF48B5DF-0F8D-40C2-B53F-50FF883D368C}.Release|Any CPU.ActiveCfg = Release|Any CPU
		{BF48B5DF-0F8D-40C2-B53F-50FF883D368C}.Release|Any CPU.Build.0 = Release|Any CPU
	EndGlobalSection
	GlobalSection(SolutionProperties) = preSolution
		HideSolutionNode = FALSE
	EndGlobalSection
	GlobalSection(ExtensibilityGlobals) = postSolution
		SolutionGuid = {28C9CA68-BA4A-46F4-A45C-BED7AD4F5342}
	EndGlobalSection
EndGlobal
